// !$*UTF8*$!
{
	archiveVersion = 1;
	classes = {
	};
	objectVersion = 50;
	objects = {

/* Begin PBXBuildFile section */
		BE21485D21382EA5002BED27 /* BackgroundUser.xib in Resources */ = {isa = PBXBuildFile; fileRef = BE21485C21382EA5002BED27 /* BackgroundUser.xib */; };
		BE21485F21383185002BED27 /* BackgroundUser.swift in Sources */ = {isa = PBXBuildFile; fileRef = BE21485E21383185002BED27 /* BackgroundUser.swift */; };
		BE2148612138808E002BED27 /* ClubsCell.xib in Resources */ = {isa = PBXBuildFile; fileRef = BE2148602138808E002BED27 /* ClubsCell.xib */; };
		BE21486521395B94002BED27 /* RegisterAccountViewController.swift in Sources */ = {isa = PBXBuildFile; fileRef = BE21486421395B94002BED27 /* RegisterAccountViewController.swift */; };
		BE21487621399034002BED27 /* ClubCardCollectionViewCell.swift in Sources */ = {isa = PBXBuildFile; fileRef = BE21487421399034002BED27 /* ClubCardCollectionViewCell.swift */; };
		BE21487721399034002BED27 /* ClubCardCollectionViewCell.xib in Resources */ = {isa = PBXBuildFile; fileRef = BE21487521399034002BED27 /* ClubCardCollectionViewCell.xib */; };
		BE214879213990C6002BED27 /* Clubs.storyboard in Resources */ = {isa = PBXBuildFile; fileRef = BE214878213990C6002BED27 /* Clubs.storyboard */; };
		BE21487B21399102002BED27 /* ClubsViewController.swift in Sources */ = {isa = PBXBuildFile; fileRef = BE21487A21399102002BED27 /* ClubsViewController.swift */; };
		BE24BC4D213811A900CBAE4C /* OursColors.swift in Sources */ = {isa = PBXBuildFile; fileRef = BE24BC4C213811A900CBAE4C /* OursColors.swift */; };
		BE24BC51213811C300CBAE4C /* ProfileClubViewController.swift in Sources */ = {isa = PBXBuildFile; fileRef = BE24BC4E213811C300CBAE4C /* ProfileClubViewController.swift */; };
		BE24BC52213811C300CBAE4C /* ProfileUserViewController.swift in Sources */ = {isa = PBXBuildFile; fileRef = BE24BC4F213811C300CBAE4C /* ProfileUserViewController.swift */; };
		BE24BC53213811C300CBAE4C /* FeedViewController.swift in Sources */ = {isa = PBXBuildFile; fileRef = BE24BC50213811C300CBAE4C /* FeedViewController.swift */; };
		BE24BC592138122800CBAE4C /* ArretadasFGC.xcdatamodeld in Sources */ = {isa = PBXBuildFile; fileRef = BE24BC572138122800CBAE4C /* ArretadasFGC.xcdatamodeld */; };
		BE24BC5B2138124C00CBAE4C /* DataManager.swift in Sources */ = {isa = PBXBuildFile; fileRef = BE24BC5A2138124C00CBAE4C /* DataManager.swift */; };
		BE24BC602138144D00CBAE4C /* ProfileClub.storyboard in Resources */ = {isa = PBXBuildFile; fileRef = BE24BC5F2138144D00CBAE4C /* ProfileClub.storyboard */; };
		BE24BC622138146400CBAE4C /* Feed.storyboard in Resources */ = {isa = PBXBuildFile; fileRef = BE24BC612138146400CBAE4C /* Feed.storyboard */; };
		BE24BC64213814F700CBAE4C /* ProfileUser.storyboard in Resources */ = {isa = PBXBuildFile; fileRef = BE24BC63213814F700CBAE4C /* ProfileUser.storyboard */; };
		BE7D2FD1213827BF003897C5 /* RegisterAccount.storyboard in Resources */ = {isa = PBXBuildFile; fileRef = BE7D2FD0213827BF003897C5 /* RegisterAccount.storyboard */; };
		BE7D2FEE213D5E0E003897C5 /* ProfileClubTableViewFirstCell.swift in Sources */ = {isa = PBXBuildFile; fileRef = BE7D2FEC213D5E0E003897C5 /* ProfileClubTableViewFirstCell.swift */; };
		BE7D2FEF213D5E0E003897C5 /* ProfileClubTableViewFirstCell.xib in Resources */ = {isa = PBXBuildFile; fileRef = BE7D2FED213D5E0E003897C5 /* ProfileClubTableViewFirstCell.xib */; };
		BEAADC0D2139DD4A002CCE0B /* GlossaryViewController.swift in Sources */ = {isa = PBXBuildFile; fileRef = BEAADC0C2139DD4A002CCE0B /* GlossaryViewController.swift */; };
		BEC6148E213882F0009E8E51 /* ClubsCollectionViewCell.swift in Sources */ = {isa = PBXBuildFile; fileRef = BEC6148C213882F0009E8E51 /* ClubsCollectionViewCell.swift */; };
		BEC6149421395B34009E8E51 /* ProfileUserTableViewFirstCell.swift in Sources */ = {isa = PBXBuildFile; fileRef = BEC6149221395B34009E8E51 /* ProfileUserTableViewFirstCell.swift */; };
		BEC6149521395B34009E8E51 /* ProfileUserTableViewFirstCell.xib in Resources */ = {isa = PBXBuildFile; fileRef = BEC6149321395B34009E8E51 /* ProfileUserTableViewFirstCell.xib */; };
		BEC61497213970FB009E8E51 /* Glossary.storyboard in Resources */ = {isa = PBXBuildFile; fileRef = BEC61496213970FB009E8E51 /* Glossary.storyboard */; };
		BEC6149C21397E34009E8E51 /* CardRegisterAccountTableViewCell.swift in Sources */ = {isa = PBXBuildFile; fileRef = BEC6149B21397E34009E8E51 /* CardRegisterAccountTableViewCell.swift */; };
		BEDE55CB213981FE0076CCB5 /* CardRegisterAccountTableViewCell.xib in Resources */ = {isa = PBXBuildFile; fileRef = BEDE55C9213981DA0076CCB5 /* CardRegisterAccountTableViewCell.xib */; };
		BEDE55CF213983BF0076CCB5 /* ReportText.xib in Resources */ = {isa = PBXBuildFile; fileRef = BEDE55CC213983BE0076CCB5 /* ReportText.xib */; };
		BEDE55D0213983BF0076CCB5 /* ReportImage.xib in Resources */ = {isa = PBXBuildFile; fileRef = BEDE55CD213983BE0076CCB5 /* ReportImage.xib */; };
		BEDE55D1213983BF0076CCB5 /* ReportAudio.xib in Resources */ = {isa = PBXBuildFile; fileRef = BEDE55CE213983BF0076CCB5 /* ReportAudio.xib */; };
		BEDE55D5213983D60076CCB5 /* ReportCard.swift in Sources */ = {isa = PBXBuildFile; fileRef = BEDE55D3213983D60076CCB5 /* ReportCard.swift */; };
		BEDE55D7213984B20076CCB5 /* PrimaryButton.swift in Sources */ = {isa = PBXBuildFile; fileRef = BEDE55D6213984B20076CCB5 /* PrimaryButton.swift */; };
		BEF5B0862136E013002FB168 /* AppDelegate.swift in Sources */ = {isa = PBXBuildFile; fileRef = BEF5B0852136E013002FB168 /* AppDelegate.swift */; };
		BEF5B08B2136E013002FB168 /* Main.storyboard in Resources */ = {isa = PBXBuildFile; fileRef = BEF5B0892136E013002FB168 /* Main.storyboard */; };
		BEF5B0902136E014002FB168 /* Assets.xcassets in Resources */ = {isa = PBXBuildFile; fileRef = BEF5B08F2136E014002FB168 /* Assets.xcassets */; };
		BEF5B0932136E014002FB168 /* LaunchScreen.storyboard in Resources */ = {isa = PBXBuildFile; fileRef = BEF5B0912136E014002FB168 /* LaunchScreen.storyboard */; };
		BEF5B0A92136E014002FB168 /* ArretadasFGCUITests.swift in Sources */ = {isa = PBXBuildFile; fileRef = BEF5B0A82136E014002FB168 /* ArretadasFGCUITests.swift */; };
		BEF5B0C32136E53A002FB168 /* UserTest.swift in Sources */ = {isa = PBXBuildFile; fileRef = BEF5B0C22136E53A002FB168 /* UserTest.swift */; };
		BEF5B0C52136E54A002FB168 /* StoryTest.swift in Sources */ = {isa = PBXBuildFile; fileRef = BEF5B0C42136E54A002FB168 /* StoryTest.swift */; };
		BEF5B0C72136E557002FB168 /* ClubTest.swift in Sources */ = {isa = PBXBuildFile; fileRef = BEF5B0C62136E557002FB168 /* ClubTest.swift */; };
/* End PBXBuildFile section */

/* Begin PBXContainerItemProxy section */
		BEF5B09A2136E014002FB168 /* PBXContainerItemProxy */ = {
			isa = PBXContainerItemProxy;
			containerPortal = BEF5B07A2136E013002FB168 /* Project object */;
			proxyType = 1;
			remoteGlobalIDString = BEF5B0812136E013002FB168;
			remoteInfo = ArretadasFGC;
		};
		BEF5B0A52136E014002FB168 /* PBXContainerItemProxy */ = {
			isa = PBXContainerItemProxy;
			containerPortal = BEF5B07A2136E013002FB168 /* Project object */;
			proxyType = 1;
			remoteGlobalIDString = BEF5B0812136E013002FB168;
			remoteInfo = ArretadasFGC;
		};
/* End PBXContainerItemProxy section */

/* Begin PBXFileReference section */
		BE21485C21382EA5002BED27 /* BackgroundUser.xib */ = {isa = PBXFileReference; lastKnownFileType = file.xib; name = BackgroundUser.xib; path = ArretadasFGC/Xibs/BackgroundUser.xib; sourceTree = SOURCE_ROOT; };
		BE21485E21383185002BED27 /* BackgroundUser.swift */ = {isa = PBXFileReference; lastKnownFileType = sourcecode.swift; path = BackgroundUser.swift; sourceTree = "<group>"; };
		BE2148602138808E002BED27 /* ClubsCell.xib */ = {isa = PBXFileReference; lastKnownFileType = file.xib; name = ClubsCell.xib; path = ArretadasFGC/Xibs/ClubsCell.xib; sourceTree = SOURCE_ROOT; };
		BE21486421395B94002BED27 /* RegisterAccountViewController.swift */ = {isa = PBXFileReference; lastKnownFileType = sourcecode.swift; path = RegisterAccountViewController.swift; sourceTree = "<group>"; };
		BE21486A213964DC002BED27 /* CardRegisterAccountTableViewCell.swift */ = {isa = PBXFileReference; lastKnownFileType = sourcecode.swift; path = CardRegisterAccountTableViewCell.swift; sourceTree = "<group>"; };
		BE21486B213964DC002BED27 /* CardRegisterAccountTableViewCell.xib */ = {isa = PBXFileReference; lastKnownFileType = file.xib; path = CardRegisterAccountTableViewCell.xib; sourceTree = "<group>"; };
		BE21487421399034002BED27 /* ClubCardCollectionViewCell.swift */ = {isa = PBXFileReference; lastKnownFileType = sourcecode.swift; path = ClubCardCollectionViewCell.swift; sourceTree = "<group>"; };
		BE21487521399034002BED27 /* ClubCardCollectionViewCell.xib */ = {isa = PBXFileReference; lastKnownFileType = file.xib; path = ClubCardCollectionViewCell.xib; sourceTree = "<group>"; };
		BE214878213990C6002BED27 /* Clubs.storyboard */ = {isa = PBXFileReference; lastKnownFileType = file.storyboard; path = Clubs.storyboard; sourceTree = "<group>"; };
		BE21487A21399102002BED27 /* ClubsViewController.swift */ = {isa = PBXFileReference; lastKnownFileType = sourcecode.swift; path = ClubsViewController.swift; sourceTree = "<group>"; };
		BE24BC4C213811A900CBAE4C /* OursColors.swift */ = {isa = PBXFileReference; fileEncoding = 4; lastKnownFileType = sourcecode.swift; name = OursColors.swift; path = ArretadasFGC/View/OursColors.swift; sourceTree = SOURCE_ROOT; };
		BE24BC4E213811C300CBAE4C /* ProfileClubViewController.swift */ = {isa = PBXFileReference; fileEncoding = 4; lastKnownFileType = sourcecode.swift; path = ProfileClubViewController.swift; sourceTree = "<group>"; };
		BE24BC4F213811C300CBAE4C /* ProfileUserViewController.swift */ = {isa = PBXFileReference; fileEncoding = 4; lastKnownFileType = sourcecode.swift; path = ProfileUserViewController.swift; sourceTree = "<group>"; };
		BE24BC50213811C300CBAE4C /* FeedViewController.swift */ = {isa = PBXFileReference; fileEncoding = 4; lastKnownFileType = sourcecode.swift; path = FeedViewController.swift; sourceTree = "<group>"; };
		BE24BC582138122800CBAE4C /* ArretadasFGC.xcdatamodel */ = {isa = PBXFileReference; lastKnownFileType = wrapper.xcdatamodel; path = ArretadasFGC.xcdatamodel; sourceTree = "<group>"; };
		BE24BC5A2138124C00CBAE4C /* DataManager.swift */ = {isa = PBXFileReference; fileEncoding = 4; lastKnownFileType = sourcecode.swift; path = DataManager.swift; sourceTree = "<group>"; };
		BE24BC5F2138144D00CBAE4C /* ProfileClub.storyboard */ = {isa = PBXFileReference; fileEncoding = 4; lastKnownFileType = file.storyboard; path = ProfileClub.storyboard; sourceTree = "<group>"; };
		BE24BC612138146400CBAE4C /* Feed.storyboard */ = {isa = PBXFileReference; fileEncoding = 4; lastKnownFileType = file.storyboard; path = Feed.storyboard; sourceTree = "<group>"; };
		BE24BC63213814F700CBAE4C /* ProfileUser.storyboard */ = {isa = PBXFileReference; fileEncoding = 4; lastKnownFileType = file.storyboard; path = ProfileUser.storyboard; sourceTree = "<group>"; };
		BE7D2FD0213827BF003897C5 /* RegisterAccount.storyboard */ = {isa = PBXFileReference; lastKnownFileType = file.storyboard; path = RegisterAccount.storyboard; sourceTree = "<group>"; };
		BE7D2FEC213D5E0E003897C5 /* ProfileClubTableViewFirstCell.swift */ = {isa = PBXFileReference; lastKnownFileType = sourcecode.swift; path = ProfileClubTableViewFirstCell.swift; sourceTree = "<group>"; };
		BE7D2FED213D5E0E003897C5 /* ProfileClubTableViewFirstCell.xib */ = {isa = PBXFileReference; lastKnownFileType = file.xib; path = ProfileClubTableViewFirstCell.xib; sourceTree = "<group>"; };
		BEAADC0C2139DD4A002CCE0B /* GlossaryViewController.swift */ = {isa = PBXFileReference; lastKnownFileType = sourcecode.swift; path = GlossaryViewController.swift; sourceTree = "<group>"; };
		BEC6148C213882F0009E8E51 /* ClubsCollectionViewCell.swift */ = {isa = PBXFileReference; lastKnownFileType = sourcecode.swift; path = ClubsCollectionViewCell.swift; sourceTree = "<group>"; };
		BEC6149221395B34009E8E51 /* ProfileUserTableViewFirstCell.swift */ = {isa = PBXFileReference; lastKnownFileType = sourcecode.swift; path = ProfileUserTableViewFirstCell.swift; sourceTree = "<group>"; };
		BEC6149321395B34009E8E51 /* ProfileUserTableViewFirstCell.xib */ = {isa = PBXFileReference; lastKnownFileType = file.xib; path = ProfileUserTableViewFirstCell.xib; sourceTree = "<group>"; };
		BEC61496213970FB009E8E51 /* Glossary.storyboard */ = {isa = PBXFileReference; fileEncoding = 4; lastKnownFileType = file.storyboard; path = Glossary.storyboard; sourceTree = "<group>"; };
		BEC6149B21397E34009E8E51 /* CardRegisterAccountTableViewCell.swift */ = {isa = PBXFileReference; fileEncoding = 4; lastKnownFileType = sourcecode.swift; path = CardRegisterAccountTableViewCell.swift; sourceTree = "<group>"; };
		BEDE55C9213981DA0076CCB5 /* CardRegisterAccountTableViewCell.xib */ = {isa = PBXFileReference; lastKnownFileType = file.xib; path = CardRegisterAccountTableViewCell.xib; sourceTree = "<group>"; };
		BEDE55CC213983BE0076CCB5 /* ReportText.xib */ = {isa = PBXFileReference; fileEncoding = 4; lastKnownFileType = file.xib; path = ReportText.xib; sourceTree = "<group>"; };
		BEDE55CD213983BE0076CCB5 /* ReportImage.xib */ = {isa = PBXFileReference; fileEncoding = 4; lastKnownFileType = file.xib; path = ReportImage.xib; sourceTree = "<group>"; };
		BEDE55CE213983BF0076CCB5 /* ReportAudio.xib */ = {isa = PBXFileReference; fileEncoding = 4; lastKnownFileType = file.xib; path = ReportAudio.xib; sourceTree = "<group>"; };
		BEDE55D3213983D60076CCB5 /* ReportCard.swift */ = {isa = PBXFileReference; fileEncoding = 4; lastKnownFileType = sourcecode.swift; path = ReportCard.swift; sourceTree = "<group>"; };
		BEDE55D6213984B20076CCB5 /* PrimaryButton.swift */ = {isa = PBXFileReference; fileEncoding = 4; lastKnownFileType = sourcecode.swift; path = PrimaryButton.swift; sourceTree = "<group>"; };
		BEF5B0822136E013002FB168 /* ArretadasFGC.app */ = {isa = PBXFileReference; explicitFileType = wrapper.application; includeInIndex = 0; path = ArretadasFGC.app; sourceTree = BUILT_PRODUCTS_DIR; };
		BEF5B0852136E013002FB168 /* AppDelegate.swift */ = {isa = PBXFileReference; lastKnownFileType = sourcecode.swift; path = AppDelegate.swift; sourceTree = "<group>"; };
		BEF5B08A2136E013002FB168 /* Base */ = {isa = PBXFileReference; lastKnownFileType = file.storyboard; name = Base; path = Base.lproj/Main.storyboard; sourceTree = "<group>"; };
		BEF5B08F2136E014002FB168 /* Assets.xcassets */ = {isa = PBXFileReference; lastKnownFileType = folder.assetcatalog; path = Assets.xcassets; sourceTree = "<group>"; };
		BEF5B0922136E014002FB168 /* Base */ = {isa = PBXFileReference; lastKnownFileType = file.storyboard; name = Base; path = Base.lproj/LaunchScreen.storyboard; sourceTree = "<group>"; };
		BEF5B0942136E014002FB168 /* Info.plist */ = {isa = PBXFileReference; lastKnownFileType = text.plist.xml; path = Info.plist; sourceTree = "<group>"; };
		BEF5B0992136E014002FB168 /* ArretadasFGCTests.xctest */ = {isa = PBXFileReference; explicitFileType = wrapper.cfbundle; includeInIndex = 0; path = ArretadasFGCTests.xctest; sourceTree = BUILT_PRODUCTS_DIR; };
		BEF5B09F2136E014002FB168 /* Info.plist */ = {isa = PBXFileReference; lastKnownFileType = text.plist.xml; path = Info.plist; sourceTree = "<group>"; };
		BEF5B0A42136E014002FB168 /* ArretadasFGCUITests.xctest */ = {isa = PBXFileReference; explicitFileType = wrapper.cfbundle; includeInIndex = 0; path = ArretadasFGCUITests.xctest; sourceTree = BUILT_PRODUCTS_DIR; };
		BEF5B0A82136E014002FB168 /* ArretadasFGCUITests.swift */ = {isa = PBXFileReference; lastKnownFileType = sourcecode.swift; path = ArretadasFGCUITests.swift; sourceTree = "<group>"; };
		BEF5B0AA2136E014002FB168 /* Info.plist */ = {isa = PBXFileReference; lastKnownFileType = text.plist.xml; path = Info.plist; sourceTree = "<group>"; };
		BEF5B0C12136E539002FB168 /* ArretadasFGCTests-Bridging-Header.h */ = {isa = PBXFileReference; lastKnownFileType = sourcecode.c.h; path = "ArretadasFGCTests-Bridging-Header.h"; sourceTree = "<group>"; };
		BEF5B0C22136E53A002FB168 /* UserTest.swift */ = {isa = PBXFileReference; lastKnownFileType = sourcecode.swift; path = UserTest.swift; sourceTree = "<group>"; };
		BEF5B0C42136E54A002FB168 /* StoryTest.swift */ = {isa = PBXFileReference; lastKnownFileType = sourcecode.swift; path = StoryTest.swift; sourceTree = "<group>"; };
		BEF5B0C62136E557002FB168 /* ClubTest.swift */ = {isa = PBXFileReference; lastKnownFileType = sourcecode.swift; path = ClubTest.swift; sourceTree = "<group>"; };
/* End PBXFileReference section */

/* Begin PBXFrameworksBuildPhase section */
		BEF5B07F2136E013002FB168 /* Frameworks */ = {
			isa = PBXFrameworksBuildPhase;
			buildActionMask = 2147483647;
			files = (
			);
			runOnlyForDeploymentPostprocessing = 0;
		};
		BEF5B0962136E014002FB168 /* Frameworks */ = {
			isa = PBXFrameworksBuildPhase;
			buildActionMask = 2147483647;
			files = (
			);
			runOnlyForDeploymentPostprocessing = 0;
		};
		BEF5B0A12136E014002FB168 /* Frameworks */ = {
			isa = PBXFrameworksBuildPhase;
			buildActionMask = 2147483647;
			files = (
			);
			runOnlyForDeploymentPostprocessing = 0;
		};
/* End PBXFrameworksBuildPhase section */

/* Begin PBXGroup section */
		BE24BC5E213812DC00CBAE4C /* Storyboard */ = {
			isa = PBXGroup;
			children = (
				BE24BC63213814F700CBAE4C /* ProfileUser.storyboard */,
				BE24BC612138146400CBAE4C /* Feed.storyboard */,
				BE24BC5F2138144D00CBAE4C /* ProfileClub.storyboard */,
				BEC61496213970FB009E8E51 /* Glossary.storyboard */,
				BEF5B0892136E013002FB168 /* Main.storyboard */,
				BE7D2FD0213827BF003897C5 /* RegisterAccount.storyboard */,
				BE214878213990C6002BED27 /* Clubs.storyboard */,
			);
			path = Storyboard;
			sourceTree = "<group>";
		};
		BE7D2FCD21381834003897C5 /* Model */ = {
			isa = PBXGroup;
			children = (
				BE24BC5A2138124C00CBAE4C /* DataManager.swift */,
			);
			path = Model;
			sourceTree = "<group>";
		};
		BE7D2FCE21381841003897C5 /* View */ = {
			isa = PBXGroup;
			children = (
				BEDE55D3213983D60076CCB5 /* ReportCard.swift */,
				BE21487421399034002BED27 /* ClubCardCollectionViewCell.swift */,
				BEC6148C213882F0009E8E51 /* ClubsCollectionViewCell.swift */,
				BE24BC4C213811A900CBAE4C /* OursColors.swift */,
				BEC6149B21397E34009E8E51 /* CardRegisterAccountTableViewCell.swift */,
				BE21485E21383185002BED27 /* BackgroundUser.swift */,
				BEDE55D6213984B20076CCB5 /* PrimaryButton.swift */,
				BEC6149221395B34009E8E51 /* ProfileUserTableViewFirstCell.swift */,
				BE7D2FEC213D5E0E003897C5 /* ProfileClubTableViewFirstCell.swift */,
			);
			path = View;
			sourceTree = "<group>";
		};
		BE7D2FCF21382741003897C5 /* Xibs */ = {
			isa = PBXGroup;
			children = (
				BEDE55C9213981DA0076CCB5 /* CardRegisterAccountTableViewCell.xib */,
				BE21485C21382EA5002BED27 /* BackgroundUser.xib */,
				BE2148602138808E002BED27 /* ClubsCell.xib */,
				BEC6149321395B34009E8E51 /* ProfileUserTableViewFirstCell.xib */,
				BEDE55CE213983BF0076CCB5 /* ReportAudio.xib */,
				BEDE55CD213983BE0076CCB5 /* ReportImage.xib */,
				BEDE55CC213983BE0076CCB5 /* ReportText.xib */,
				BE21487521399034002BED27 /* ClubCardCollectionViewCell.xib */,
				BE7D2FED213D5E0E003897C5 /* ProfileClubTableViewFirstCell.xib */,
			);
			path = Xibs;
			sourceTree = "<group>";
		};
		BEC6149821397DA5009E8E51 /* Recovered References */ = {
			isa = PBXGroup;
			children = (
				BE21486A213964DC002BED27 /* CardRegisterAccountTableViewCell.swift */,
				BE21486B213964DC002BED27 /* CardRegisterAccountTableViewCell.xib */,
			);
			name = "Recovered References";
			sourceTree = "<group>";
		};
		BEF5B0792136E013002FB168 = {
			isa = PBXGroup;
			children = (
				BEF5B0842136E013002FB168 /* ArretadasFGC */,
				BEF5B09C2136E014002FB168 /* ArretadasFGCTests */,
				BEF5B0A72136E014002FB168 /* ArretadasFGCUITests */,
				BEF5B0832136E013002FB168 /* Products */,
				BEC6149821397DA5009E8E51 /* Recovered References */,
			);
			sourceTree = "<group>";
		};
		BEF5B0832136E013002FB168 /* Products */ = {
			isa = PBXGroup;
			children = (
				BEF5B0822136E013002FB168 /* ArretadasFGC.app */,
				BEF5B0992136E014002FB168 /* ArretadasFGCTests.xctest */,
				BEF5B0A42136E014002FB168 /* ArretadasFGCUITests.xctest */,
			);
			name = Products;
			sourceTree = "<group>";
		};
		BEF5B0842136E013002FB168 /* ArretadasFGC */ = {
			isa = PBXGroup;
			children = (
				BE7D2FCF21382741003897C5 /* Xibs */,
				BE7D2FCE21381841003897C5 /* View */,
				BE7D2FCD21381834003897C5 /* Model */,
				BE24BC5E213812DC00CBAE4C /* Storyboard */,
				BEF5B0852136E013002FB168 /* AppDelegate.swift */,
				BEF5B0B72136E17B002FB168 /* Controllers */,
				BEF5B08F2136E014002FB168 /* Assets.xcassets */,
				BEF5B0912136E014002FB168 /* LaunchScreen.storyboard */,
				BEF5B0942136E014002FB168 /* Info.plist */,
				BE24BC572138122800CBAE4C /* ArretadasFGC.xcdatamodeld */,
			);
			path = ArretadasFGC;
			sourceTree = "<group>";
		};
		BEF5B09C2136E014002FB168 /* ArretadasFGCTests */ = {
			isa = PBXGroup;
			children = (
				BEF5B09F2136E014002FB168 /* Info.plist */,
				BEF5B0C22136E53A002FB168 /* UserTest.swift */,
				BEF5B0C12136E539002FB168 /* ArretadasFGCTests-Bridging-Header.h */,
				BEF5B0C42136E54A002FB168 /* StoryTest.swift */,
				BEF5B0C62136E557002FB168 /* ClubTest.swift */,
			);
			path = ArretadasFGCTests;
			sourceTree = "<group>";
		};
		BEF5B0A72136E014002FB168 /* ArretadasFGCUITests */ = {
			isa = PBXGroup;
			children = (
				BEF5B0A82136E014002FB168 /* ArretadasFGCUITests.swift */,
				BEF5B0AA2136E014002FB168 /* Info.plist */,
			);
			path = ArretadasFGCUITests;
			sourceTree = "<group>";
		};
		BEF5B0B72136E17B002FB168 /* Controllers */ = {
			isa = PBXGroup;
			children = (
				BE24BC50213811C300CBAE4C /* FeedViewController.swift */,
				BE24BC4E213811C300CBAE4C /* ProfileClubViewController.swift */,
				BE24BC4F213811C300CBAE4C /* ProfileUserViewController.swift */,
				BE21486421395B94002BED27 /* RegisterAccountViewController.swift */,
				BE21487A21399102002BED27 /* ClubsViewController.swift */,
				BEAADC0C2139DD4A002CCE0B /* GlossaryViewController.swift */,
			);
			path = Controllers;
			sourceTree = "<group>";
		};
/* End PBXGroup section */

/* Begin PBXNativeTarget section */
		BEF5B0812136E013002FB168 /* ArretadasFGC */ = {
			isa = PBXNativeTarget;
			buildConfigurationList = BEF5B0AD2136E014002FB168 /* Build configuration list for PBXNativeTarget "ArretadasFGC" */;
			buildPhases = (
				BEF5B07E2136E013002FB168 /* Sources */,
				BEF5B07F2136E013002FB168 /* Frameworks */,
				BEF5B0802136E013002FB168 /* Resources */,
			);
			buildRules = (
			);
			dependencies = (
			);
			name = ArretadasFGC;
			productName = ArretadasFGC;
			productReference = BEF5B0822136E013002FB168 /* ArretadasFGC.app */;
			productType = "com.apple.product-type.application";
		};
		BEF5B0982136E014002FB168 /* ArretadasFGCTests */ = {
			isa = PBXNativeTarget;
			buildConfigurationList = BEF5B0B02136E014002FB168 /* Build configuration list for PBXNativeTarget "ArretadasFGCTests" */;
			buildPhases = (
				BEF5B0952136E014002FB168 /* Sources */,
				BEF5B0962136E014002FB168 /* Frameworks */,
				BEF5B0972136E014002FB168 /* Resources */,
			);
			buildRules = (
			);
			dependencies = (
				BEF5B09B2136E014002FB168 /* PBXTargetDependency */,
			);
			name = ArretadasFGCTests;
			productName = ArretadasFGCTests;
			productReference = BEF5B0992136E014002FB168 /* ArretadasFGCTests.xctest */;
			productType = "com.apple.product-type.bundle.unit-test";
		};
		BEF5B0A32136E014002FB168 /* ArretadasFGCUITests */ = {
			isa = PBXNativeTarget;
			buildConfigurationList = BEF5B0B32136E014002FB168 /* Build configuration list for PBXNativeTarget "ArretadasFGCUITests" */;
			buildPhases = (
				BEF5B0A02136E014002FB168 /* Sources */,
				BEF5B0A12136E014002FB168 /* Frameworks */,
				BEF5B0A22136E014002FB168 /* Resources */,
			);
			buildRules = (
			);
			dependencies = (
				BEF5B0A62136E014002FB168 /* PBXTargetDependency */,
			);
			name = ArretadasFGCUITests;
			productName = ArretadasFGCUITests;
			productReference = BEF5B0A42136E014002FB168 /* ArretadasFGCUITests.xctest */;
			productType = "com.apple.product-type.bundle.ui-testing";
		};
/* End PBXNativeTarget section */

/* Begin PBXProject section */
		BEF5B07A2136E013002FB168 /* Project object */ = {
			isa = PBXProject;
			attributes = {
				LastSwiftUpdateCheck = 0940;
				LastUpgradeCheck = 0940;
				ORGANIZATIONNAME = "Ada 2018";
				TargetAttributes = {
					BEF5B0812136E013002FB168 = {
						CreatedOnToolsVersion = 9.4.1;
					};
					BEF5B0982136E014002FB168 = {
						CreatedOnToolsVersion = 9.4.1;
						LastSwiftMigration = 0940;
						TestTargetID = BEF5B0812136E013002FB168;
					};
					BEF5B0A32136E014002FB168 = {
						CreatedOnToolsVersion = 9.4.1;
						TestTargetID = BEF5B0812136E013002FB168;
					};
				};
			};
			buildConfigurationList = BEF5B07D2136E013002FB168 /* Build configuration list for PBXProject "ArretadasFGC" */;
			compatibilityVersion = "Xcode 9.3";
			developmentRegion = en;
			hasScannedForEncodings = 0;
			knownRegions = (
				en,
				Base,
			);
			mainGroup = BEF5B0792136E013002FB168;
			productRefGroup = BEF5B0832136E013002FB168 /* Products */;
			projectDirPath = "";
			projectRoot = "";
			targets = (
				BEF5B0812136E013002FB168 /* ArretadasFGC */,
				BEF5B0982136E014002FB168 /* ArretadasFGCTests */,
				BEF5B0A32136E014002FB168 /* ArretadasFGCUITests */,
			);
		};
/* End PBXProject section */

/* Begin PBXResourcesBuildPhase section */
		BEF5B0802136E013002FB168 /* Resources */ = {
			isa = PBXResourcesBuildPhase;
			buildActionMask = 2147483647;
			files = (
				BEDE55CB213981FE0076CCB5 /* CardRegisterAccountTableViewCell.xib in Resources */,
				BE24BC622138146400CBAE4C /* Feed.storyboard in Resources */,
				BE24BC602138144D00CBAE4C /* ProfileClub.storyboard in Resources */,
				BEF5B0932136E014002FB168 /* LaunchScreen.storyboard in Resources */,
				BEDE55D1213983BF0076CCB5 /* ReportAudio.xib in Resources */,
				BEF5B0902136E014002FB168 /* Assets.xcassets in Resources */,
				BE21487721399034002BED27 /* ClubCardCollectionViewCell.xib in Resources */,
				BE2148612138808E002BED27 /* ClubsCell.xib in Resources */,
				BEC61497213970FB009E8E51 /* Glossary.storyboard in Resources */,
				BEDE55CF213983BF0076CCB5 /* ReportText.xib in Resources */,
				BE21485D21382EA5002BED27 /* BackgroundUser.xib in Resources */,
				BE214879213990C6002BED27 /* Clubs.storyboard in Resources */,
				BEDE55D0213983BF0076CCB5 /* ReportImage.xib in Resources */,
				BEF5B08B2136E013002FB168 /* Main.storyboard in Resources */,
				BE7D2FD1213827BF003897C5 /* RegisterAccount.storyboard in Resources */,
				BE24BC64213814F700CBAE4C /* ProfileUser.storyboard in Resources */,
				BEC6149521395B34009E8E51 /* ProfileUserTableViewFirstCell.xib in Resources */,
				BE7D2FEF213D5E0E003897C5 /* ProfileClubTableViewFirstCell.xib in Resources */,
			);
			runOnlyForDeploymentPostprocessing = 0;
		};
		BEF5B0972136E014002FB168 /* Resources */ = {
			isa = PBXResourcesBuildPhase;
			buildActionMask = 2147483647;
			files = (
			);
			runOnlyForDeploymentPostprocessing = 0;
		};
		BEF5B0A22136E014002FB168 /* Resources */ = {
			isa = PBXResourcesBuildPhase;
			buildActionMask = 2147483647;
			files = (
			);
			runOnlyForDeploymentPostprocessing = 0;
		};
/* End PBXResourcesBuildPhase section */

/* Begin PBXSourcesBuildPhase section */
		BEF5B07E2136E013002FB168 /* Sources */ = {
			isa = PBXSourcesBuildPhase;
			buildActionMask = 2147483647;
			files = (
				BEC6149421395B34009E8E51 /* ProfileUserTableViewFirstCell.swift in Sources */,
				BE24BC53213811C300CBAE4C /* FeedViewController.swift in Sources */,
				BEF5B0862136E013002FB168 /* AppDelegate.swift in Sources */,
				BEC6149C21397E34009E8E51 /* CardRegisterAccountTableViewCell.swift in Sources */,
				BEDE55D7213984B20076CCB5 /* PrimaryButton.swift in Sources */,
				BEC6148E213882F0009E8E51 /* ClubsCollectionViewCell.swift in Sources */,
				BE24BC51213811C300CBAE4C /* ProfileClubViewController.swift in Sources */,
				BE21487621399034002BED27 /* ClubCardCollectionViewCell.swift in Sources */,
				BE7D2FEE213D5E0E003897C5 /* ProfileClubTableViewFirstCell.swift in Sources */,
				BEDE55D5213983D60076CCB5 /* ReportCard.swift in Sources */,
				BE24BC5B2138124C00CBAE4C /* DataManager.swift in Sources */,
				BE21486521395B94002BED27 /* RegisterAccountViewController.swift in Sources */,
				BE24BC4D213811A900CBAE4C /* OursColors.swift in Sources */,
				BE21487B21399102002BED27 /* ClubsViewController.swift in Sources */,
				BE24BC592138122800CBAE4C /* ArretadasFGC.xcdatamodeld in Sources */,
				BEAADC0D2139DD4A002CCE0B /* GlossaryViewController.swift in Sources */,
				BE21485F21383185002BED27 /* BackgroundUser.swift in Sources */,
				BE24BC52213811C300CBAE4C /* ProfileUserViewController.swift in Sources */,
			);
			runOnlyForDeploymentPostprocessing = 0;
		};
		BEF5B0952136E014002FB168 /* Sources */ = {
			isa = PBXSourcesBuildPhase;
			buildActionMask = 2147483647;
			files = (
				BEF5B0C72136E557002FB168 /* ClubTest.swift in Sources */,
				BEF5B0C32136E53A002FB168 /* UserTest.swift in Sources */,
				BEF5B0C52136E54A002FB168 /* StoryTest.swift in Sources */,
			);
			runOnlyForDeploymentPostprocessing = 0;
		};
		BEF5B0A02136E014002FB168 /* Sources */ = {
			isa = PBXSourcesBuildPhase;
			buildActionMask = 2147483647;
			files = (
				BEF5B0A92136E014002FB168 /* ArretadasFGCUITests.swift in Sources */,
			);
			runOnlyForDeploymentPostprocessing = 0;
		};
/* End PBXSourcesBuildPhase section */

/* Begin PBXTargetDependency section */
		BEF5B09B2136E014002FB168 /* PBXTargetDependency */ = {
			isa = PBXTargetDependency;
			target = BEF5B0812136E013002FB168 /* ArretadasFGC */;
			targetProxy = BEF5B09A2136E014002FB168 /* PBXContainerItemProxy */;
		};
		BEF5B0A62136E014002FB168 /* PBXTargetDependency */ = {
			isa = PBXTargetDependency;
			target = BEF5B0812136E013002FB168 /* ArretadasFGC */;
			targetProxy = BEF5B0A52136E014002FB168 /* PBXContainerItemProxy */;
		};
/* End PBXTargetDependency section */

/* Begin PBXVariantGroup section */
		BEF5B0892136E013002FB168 /* Main.storyboard */ = {
			isa = PBXVariantGroup;
			children = (
				BEF5B08A2136E013002FB168 /* Base */,
			);
			name = Main.storyboard;
			sourceTree = "<group>";
		};
		BEF5B0912136E014002FB168 /* LaunchScreen.storyboard */ = {
			isa = PBXVariantGroup;
			children = (
				BEF5B0922136E014002FB168 /* Base */,
			);
			name = LaunchScreen.storyboard;
			sourceTree = "<group>";
		};
/* End PBXVariantGroup section */

/* Begin XCBuildConfiguration section */
		BEF5B0AB2136E014002FB168 /* Debug */ = {
			isa = XCBuildConfiguration;
			buildSettings = {
				ALWAYS_SEARCH_USER_PATHS = NO;
				CLANG_ANALYZER_NONNULL = YES;
				CLANG_ANALYZER_NUMBER_OBJECT_CONVERSION = YES_AGGRESSIVE;
				CLANG_CXX_LANGUAGE_STANDARD = "gnu++14";
				CLANG_CXX_LIBRARY = "libc++";
				CLANG_ENABLE_MODULES = YES;
				CLANG_ENABLE_OBJC_ARC = YES;
				CLANG_ENABLE_OBJC_WEAK = YES;
				CLANG_WARN_BLOCK_CAPTURE_AUTORELEASING = YES;
				CLANG_WARN_BOOL_CONVERSION = YES;
				CLANG_WARN_COMMA = YES;
				CLANG_WARN_CONSTANT_CONVERSION = YES;
				CLANG_WARN_DEPRECATED_OBJC_IMPLEMENTATIONS = YES;
				CLANG_WARN_DIRECT_OBJC_ISA_USAGE = YES_ERROR;
				CLANG_WARN_DOCUMENTATION_COMMENTS = YES;
				CLANG_WARN_EMPTY_BODY = YES;
				CLANG_WARN_ENUM_CONVERSION = YES;
				CLANG_WARN_INFINITE_RECURSION = YES;
				CLANG_WARN_INT_CONVERSION = YES;
				CLANG_WARN_NON_LITERAL_NULL_CONVERSION = YES;
				CLANG_WARN_OBJC_IMPLICIT_RETAIN_SELF = YES;
				CLANG_WARN_OBJC_LITERAL_CONVERSION = YES;
				CLANG_WARN_OBJC_ROOT_CLASS = YES_ERROR;
				CLANG_WARN_RANGE_LOOP_ANALYSIS = YES;
				CLANG_WARN_STRICT_PROTOTYPES = YES;
				CLANG_WARN_SUSPICIOUS_MOVE = YES;
				CLANG_WARN_UNGUARDED_AVAILABILITY = YES_AGGRESSIVE;
				CLANG_WARN_UNREACHABLE_CODE = YES;
				CLANG_WARN__DUPLICATE_METHOD_MATCH = YES;
				CODE_SIGN_IDENTITY = "iPhone Developer";
				COPY_PHASE_STRIP = NO;
				DEBUG_INFORMATION_FORMAT = dwarf;
				ENABLE_STRICT_OBJC_MSGSEND = YES;
				ENABLE_TESTABILITY = YES;
				GCC_C_LANGUAGE_STANDARD = gnu11;
				GCC_DYNAMIC_NO_PIC = NO;
				GCC_NO_COMMON_BLOCKS = YES;
				GCC_OPTIMIZATION_LEVEL = 0;
				GCC_PREPROCESSOR_DEFINITIONS = (
					"DEBUG=1",
					"$(inherited)",
				);
				GCC_WARN_64_TO_32_BIT_CONVERSION = YES;
				GCC_WARN_ABOUT_RETURN_TYPE = YES_ERROR;
				GCC_WARN_UNDECLARED_SELECTOR = YES;
				GCC_WARN_UNINITIALIZED_AUTOS = YES_AGGRESSIVE;
				GCC_WARN_UNUSED_FUNCTION = YES;
				GCC_WARN_UNUSED_VARIABLE = YES;
				IPHONEOS_DEPLOYMENT_TARGET = 11.4;
				MTL_ENABLE_DEBUG_INFO = YES;
				ONLY_ACTIVE_ARCH = YES;
				SDKROOT = iphoneos;
				SWIFT_ACTIVE_COMPILATION_CONDITIONS = DEBUG;
				SWIFT_OPTIMIZATION_LEVEL = "-Onone";
			};
			name = Debug;
		};
		BEF5B0AC2136E014002FB168 /* Release */ = {
			isa = XCBuildConfiguration;
			buildSettings = {
				ALWAYS_SEARCH_USER_PATHS = NO;
				CLANG_ANALYZER_NONNULL = YES;
				CLANG_ANALYZER_NUMBER_OBJECT_CONVERSION = YES_AGGRESSIVE;
				CLANG_CXX_LANGUAGE_STANDARD = "gnu++14";
				CLANG_CXX_LIBRARY = "libc++";
				CLANG_ENABLE_MODULES = YES;
				CLANG_ENABLE_OBJC_ARC = YES;
				CLANG_ENABLE_OBJC_WEAK = YES;
				CLANG_WARN_BLOCK_CAPTURE_AUTORELEASING = YES;
				CLANG_WARN_BOOL_CONVERSION = YES;
				CLANG_WARN_COMMA = YES;
				CLANG_WARN_CONSTANT_CONVERSION = YES;
				CLANG_WARN_DEPRECATED_OBJC_IMPLEMENTATIONS = YES;
				CLANG_WARN_DIRECT_OBJC_ISA_USAGE = YES_ERROR;
				CLANG_WARN_DOCUMENTATION_COMMENTS = YES;
				CLANG_WARN_EMPTY_BODY = YES;
				CLANG_WARN_ENUM_CONVERSION = YES;
				CLANG_WARN_INFINITE_RECURSION = YES;
				CLANG_WARN_INT_CONVERSION = YES;
				CLANG_WARN_NON_LITERAL_NULL_CONVERSION = YES;
				CLANG_WARN_OBJC_IMPLICIT_RETAIN_SELF = YES;
				CLANG_WARN_OBJC_LITERAL_CONVERSION = YES;
				CLANG_WARN_OBJC_ROOT_CLASS = YES_ERROR;
				CLANG_WARN_RANGE_LOOP_ANALYSIS = YES;
				CLANG_WARN_STRICT_PROTOTYPES = YES;
				CLANG_WARN_SUSPICIOUS_MOVE = YES;
				CLANG_WARN_UNGUARDED_AVAILABILITY = YES_AGGRESSIVE;
				CLANG_WARN_UNREACHABLE_CODE = YES;
				CLANG_WARN__DUPLICATE_METHOD_MATCH = YES;
				CODE_SIGN_IDENTITY = "iPhone Developer";
				COPY_PHASE_STRIP = NO;
				DEBUG_INFORMATION_FORMAT = "dwarf-with-dsym";
				ENABLE_NS_ASSERTIONS = NO;
				ENABLE_STRICT_OBJC_MSGSEND = YES;
				GCC_C_LANGUAGE_STANDARD = gnu11;
				GCC_NO_COMMON_BLOCKS = YES;
				GCC_WARN_64_TO_32_BIT_CONVERSION = YES;
				GCC_WARN_ABOUT_RETURN_TYPE = YES_ERROR;
				GCC_WARN_UNDECLARED_SELECTOR = YES;
				GCC_WARN_UNINITIALIZED_AUTOS = YES_AGGRESSIVE;
				GCC_WARN_UNUSED_FUNCTION = YES;
				GCC_WARN_UNUSED_VARIABLE = YES;
				IPHONEOS_DEPLOYMENT_TARGET = 11.4;
				MTL_ENABLE_DEBUG_INFO = NO;
				SDKROOT = iphoneos;
				SWIFT_COMPILATION_MODE = wholemodule;
				SWIFT_OPTIMIZATION_LEVEL = "-O";
				VALIDATE_PRODUCT = YES;
			};
			name = Release;
		};
		BEF5B0AE2136E014002FB168 /* Debug */ = {
			isa = XCBuildConfiguration;
			buildSettings = {
				ASSETCATALOG_COMPILER_APPICON_NAME = AppIcon;
				CODE_SIGN_STYLE = Automatic;
				DEVELOPMENT_TEAM = MQ922JMCL6;
				INFOPLIST_FILE = ArretadasFGC/Info.plist;
				IPHONEOS_DEPLOYMENT_TARGET = 11.3;
				LD_RUNPATH_SEARCH_PATHS = (
					"$(inherited)",
					"@executable_path/Frameworks",
				);
				PRODUCT_BUNDLE_IDENTIFIER = br.ifce.academy.ArretadasFGC1;
				PRODUCT_NAME = "$(TARGET_NAME)";
				SWIFT_VERSION = 4.0;
				TARGETED_DEVICE_FAMILY = "1,2";
			};
			name = Debug;
		};
		BEF5B0AF2136E014002FB168 /* Release */ = {
			isa = XCBuildConfiguration;
			buildSettings = {
				ASSETCATALOG_COMPILER_APPICON_NAME = AppIcon;
				CODE_SIGN_STYLE = Automatic;
				DEVELOPMENT_TEAM = MQ922JMCL6;
				INFOPLIST_FILE = ArretadasFGC/Info.plist;
				IPHONEOS_DEPLOYMENT_TARGET = 11.3;
				LD_RUNPATH_SEARCH_PATHS = (
					"$(inherited)",
					"@executable_path/Frameworks",
				);
				PRODUCT_BUNDLE_IDENTIFIER = br.ifce.academy.ArretadasFGC1;
				PRODUCT_NAME = "$(TARGET_NAME)";
				SWIFT_VERSION = 4.0;
				TARGETED_DEVICE_FAMILY = "1,2";
			};
			name = Release;
		};
		BEF5B0B12136E014002FB168 /* Debug */ = {
			isa = XCBuildConfiguration;
			buildSettings = {
				ALWAYS_EMBED_SWIFT_STANDARD_LIBRARIES = YES;
				BUNDLE_LOADER = "$(TEST_HOST)";
				CLANG_ENABLE_MODULES = YES;
				CODE_SIGN_STYLE = Automatic;
				INFOPLIST_FILE = ArretadasFGCTests/Info.plist;
				LD_RUNPATH_SEARCH_PATHS = (
					"$(inherited)",
					"@executable_path/Frameworks",
					"@loader_path/Frameworks",
				);
				PRODUCT_BUNDLE_IDENTIFIER = br.ifce.academy.ArretadasFGCTests;
				PRODUCT_NAME = "$(TARGET_NAME)";
				SWIFT_OBJC_BRIDGING_HEADER = "ArretadasFGCTests/ArretadasFGCTests-Bridging-Header.h";
				SWIFT_OPTIMIZATION_LEVEL = "-Onone";
				SWIFT_VERSION = 4.0;
				TARGETED_DEVICE_FAMILY = "1,2";
				TEST_HOST = "$(BUILT_PRODUCTS_DIR)/ArretadasFGC.app/ArretadasFGC";
			};
			name = Debug;
		};
		BEF5B0B22136E014002FB168 /* Release */ = {
			isa = XCBuildConfiguration;
			buildSettings = {
				ALWAYS_EMBED_SWIFT_STANDARD_LIBRARIES = YES;
				BUNDLE_LOADER = "$(TEST_HOST)";
				CLANG_ENABLE_MODULES = YES;
				CODE_SIGN_STYLE = Automatic;
				INFOPLIST_FILE = ArretadasFGCTests/Info.plist;
				LD_RUNPATH_SEARCH_PATHS = (
					"$(inherited)",
					"@executable_path/Frameworks",
					"@loader_path/Frameworks",
				);
				PRODUCT_BUNDLE_IDENTIFIER = br.ifce.academy.ArretadasFGCTests;
				PRODUCT_NAME = "$(TARGET_NAME)";
				SWIFT_OBJC_BRIDGING_HEADER = "ArretadasFGCTests/ArretadasFGCTests-Bridging-Header.h";
				SWIFT_VERSION = 4.0;
				TARGETED_DEVICE_FAMILY = "1,2";
				TEST_HOST = "$(BUILT_PRODUCTS_DIR)/ArretadasFGC.app/ArretadasFGC";
			};
			name = Release;
		};
		BEF5B0B42136E014002FB168 /* Debug */ = {
			isa = XCBuildConfiguration;
			buildSettings = {
				ALWAYS_EMBED_SWIFT_STANDARD_LIBRARIES = YES;
				CODE_SIGN_STYLE = Automatic;
				INFOPLIST_FILE = ArretadasFGCUITests/Info.plist;
				LD_RUNPATH_SEARCH_PATHS = (
					"$(inherited)",
					"@executable_path/Frameworks",
					"@loader_path/Frameworks",
				);
				PRODUCT_BUNDLE_IDENTIFIER = br.ifce.academy.ArretadasFGCUITests;
				PRODUCT_NAME = "$(TARGET_NAME)";
				SWIFT_VERSION = 4.0;
				TARGETED_DEVICE_FAMILY = "1,2";
				TEST_TARGET_NAME = ArretadasFGC;
			};
			name = Debug;
		};
		BEF5B0B52136E014002FB168 /* Release */ = {
			isa = XCBuildConfiguration;
			buildSettings = {
				ALWAYS_EMBED_SWIFT_STANDARD_LIBRARIES = YES;
				CODE_SIGN_STYLE = Automatic;
				INFOPLIST_FILE = ArretadasFGCUITests/Info.plist;
				LD_RUNPATH_SEARCH_PATHS = (
					"$(inherited)",
					"@executable_path/Frameworks",
					"@loader_path/Frameworks",
				);
				PRODUCT_BUNDLE_IDENTIFIER = br.ifce.academy.ArretadasFGCUITests;
				PRODUCT_NAME = "$(TARGET_NAME)";
				SWIFT_VERSION = 4.0;
				TARGETED_DEVICE_FAMILY = "1,2";
				TEST_TARGET_NAME = ArretadasFGC;
			};
			name = Release;
		};
/* End XCBuildConfiguration section */

/* Begin XCConfigurationList section */
		BEF5B07D2136E013002FB168 /* Build configuration list for PBXProject "ArretadasFGC" */ = {
			isa = XCConfigurationList;
			buildConfigurations = (
				BEF5B0AB2136E014002FB168 /* Debug */,
				BEF5B0AC2136E014002FB168 /* Release */,
			);
			defaultConfigurationIsVisible = 0;
			defaultConfigurationName = Release;
		};
		BEF5B0AD2136E014002FB168 /* Build configuration list for PBXNativeTarget "ArretadasFGC" */ = {
			isa = XCConfigurationList;
			buildConfigurations = (
				BEF5B0AE2136E014002FB168 /* Debug */,
				BEF5B0AF2136E014002FB168 /* Release */,
			);
			defaultConfigurationIsVisible = 0;
			defaultConfigurationName = Release;
		};
		BEF5B0B02136E014002FB168 /* Build configuration list for PBXNativeTarget "ArretadasFGCTests" */ = {
			isa = XCConfigurationList;
			buildConfigurations = (
				BEF5B0B12136E014002FB168 /* Debug */,
				BEF5B0B22136E014002FB168 /* Release */,
			);
			defaultConfigurationIsVisible = 0;
			defaultConfigurationName = Release;
		};
		BEF5B0B32136E014002FB168 /* Build configuration list for PBXNativeTarget "ArretadasFGCUITests" */ = {
			isa = XCConfigurationList;
			buildConfigurations = (
				BEF5B0B42136E014002FB168 /* Debug */,
				BEF5B0B52136E014002FB168 /* Release */,
			);
			defaultConfigurationIsVisible = 0;
			defaultConfigurationName = Release;
		};
/* End XCConfigurationList section */

/* Begin XCVersionGroup section */
		BE24BC572138122800CBAE4C /* ArretadasFGC.xcdatamodeld */ = {
			isa = XCVersionGroup;
			children = (
				BE24BC582138122800CBAE4C /* ArretadasFGC.xcdatamodel */,
			);
			currentVersion = BE24BC582138122800CBAE4C /* ArretadasFGC.xcdatamodel */;
			path = ArretadasFGC.xcdatamodeld;
			sourceTree = "<group>";
			versionGroupType = wrapper.xcdatamodel;
		};
/* End XCVersionGroup section */
	};
	rootObject = BEF5B07A2136E013002FB168 /* Project object */;
}
